{
  "name": "roblox-place-publish-action",
  "version": "2.1.0",
  "lockfileVersion": 2,
  "requires": true,
  "packages": {
    "": {
      "name": "roblox-place-publish-action",
      "version": "2.1.0",
      "license": "MIT",
      "dependencies": {
        "@actions/core": "^1.6.0",
        "@actions/io": "^1.1.1",
        "axios": "^0.26.0"
      },
      "devDependencies": {
        "@types/node": "^17.0.21"
      }
    },
    "node_modules/@actions/core": {
      "version": "1.6.0",
      "license": "MIT",
      "dependencies": {
        "@actions/http-client": "^1.0.11"
      }
    },
    "node_modules/@actions/http-client": {
      "version": "1.0.11",
      "license": "MIT",
      "dependencies": {
        "tunnel": "0.0.6"
      }
    },
    "node_modules/@actions/io": {
      "version": "1.1.1",
      "license": "MIT"
    },
    "node_modules/@types/node": {
      "version": "17.0.21",
      "dev": true,
      "license": "MIT"
    },
    "node_modules/axios": {
      "version": "0.26.0",
      "license": "MIT",
      "dependencies": {
        "follow-redirects": "^1.14.8"
      }
    },
    "node_modules/follow-redirects": {
      "version": "1.14.9",
      "funding": [
        {
          "type": "individual",
          "url": "https://github.com/sponsors/RubenVerborgh"
        }
      ],
      "license": "MIT",
      "engines": {
        "node": ">=4.0"
      },
      "peerDependenciesMeta": {
        "debug": {
          "optional": true
        }
      }
    },
    "node_modules/tunnel": {
      "version": "0.0.6",
      "license": "MIT",
      "engines": {
        "node": ">=0.6.11 <=0.7.0 || >=0.7.3"
      }
    }
  },
  "dependencies": {
    "@actions/core": {
      "version": "1.6.0",
      "requires": {
        "@actions/http-client": "^1.0.11"
      }
    },
    "@actions/http-client": {
      "version": "1.0.11",
      "requires": {
        "tunnel": "0.0.6"
      }
    },
    "@actions/io": {
      "version": "1.1.1"
    },
    "@types/node": {
      "version": "17.0.21",
      "dev": true
    },
    "axios": {
      "version": "0.26.0",
      "requires": {
        "follow-redirects": "^1.14.8"
      }
    },
    "follow-redirects": {
      "version": "1.14.9"
    },
    "tunnel": {
      "version": "0.0.6"
    }
  }
}
